{
  "lockfileVersion": 1,
  "configVersion": 1,
  "workspaces": {
    "": {
      "name": "livekitpoc",
      "devDependencies": {
        "typescript": "^5.9.3",
      },
    },
    "apps/api": {
      "name": "@livemeet/api",
    },
    "apps/web": {
      "name": "@livemeet/web",
    },
    "packages/shared-types": {
      "name": "@livemeet/shared-types",
    },
  },
  "packages": {
    "@livemeet/api": ["@livemeet/api@workspace:apps/api"],

    "@livemeet/shared-types": ["@livemeet/shared-types@workspace:packages/shared-types"],

    "@livemeet/web": ["@livemeet/web@workspace:apps/web"],

    "typescript": ["typescript@5.9.3", "", { "bin": { "tsc": "bin/tsc", "tsserver": "bin/tsserver" } }, "sha512-jl1vZzPDinLr9eUt3J/t7V6FgNEw9QjvBPdysz9KfQDD41fQrC2Y4vKQdiaUpFT4bXlb1RHhLpp8wtm6M5TgSw=="],
  }
}
